
Microsoft Visual Studio Solution File, Format Version 12.00
# Visual Studio 15
VisualStudioVersion = 15.0.26730.12
MinimumVisualStudioVersion = 10.0.40219.1
Project("{FAE04EC0-301F-11D3-BF4B-00C04F79EFBC}") = "ObserverPattern", "ObserverPattern\ObserverPattern.csproj", "{68E287E1-2B1E-4E1D-B08C-146BEF9F7ACD}"
EndProject
Global
	GlobalSection(SolutionConfigurationPlatforms) = preSolution
		Debug|Any CPU = Debug|Any CPU
		Release|Any CPU = Release|Any CPU
	EndGlobalSection
	GlobalSection(ProjectConfigurationPlatforms) = postSolution
		{68E287E1-2B1E-4E1D-B08C-146BEF9F7ACD}.Debug|Any CPU.ActiveCfg = Debug|Any CPU
		{68E287E1-2B1E-4E1D-B08C-146BEF9F7ACD}.Debug|Any CPU.Build.0 = Debug|Any CPU
		{68E287E1-2B1E-4E1D-B08C-146BEF9F7ACD}.Release|Any CPU.ActiveCfg = Release|Any CPU
		{68E287E1-2B1E-4E1D-B08C-146BEF9F7ACD}.Release|Any CPU.Build.0 = Release|Any CPU
	EndGlobalSection
	GlobalSection(SolutionProperties) = preSolution
		HideSolutionNode = FALSE
	EndGlobalSection
	GlobalSection(ExtensibilityGlobals) = postSolution
		SolutionGuid = {2C2AB396-3786-49D5-A2B4-635EA0259AE2}
	EndGlobalSection
EndGlobal
